<Solution>
  <Project Path="FullInstaller/FullInstaller.csproj" />
  <Project Path="MyInstallManager.Tests/MyInstallManager.Tests.csproj" />
  <Project Path="MyInstallManager/MyInstallManager.csproj" />
  <Project Path="StubInstaller/StubInstaller.csproj" />
  <Project Path="Updater/Updater.csproj" />
</Solution>
